
Microsoft Visual Studio Solution File, Format Version 12.00
# Visual Studio 14
VisualStudioVersion = 14.0.25420.1
MinimumVisualStudioVersion = 10.0.40219.1
Project("{E24C65DC-7377-472B-9ABA-BC803B73C61A}") = "SchoolManagementAdmin", "D:\Anita\Projects\SchoolERP\DEV\POCDummy", "{DAABECD7-648E-47C5-B6F1-C86FCC3C59B5}"
	ProjectSection(WebsiteProperties) = preProject
		SccProjectName = "SAK"
		SccAuxPath = "SAK"
		SccLocalPath = "SAK"
		SccProvider = "SAK"
		TargetFrameworkMoniker = ".NETFramework,Version%3Dv4.0"
		Debug.AspNetCompiler.VirtualPath = "/localhost_62554"
		Debug.AspNetCompiler.PhysicalPath = "D:\Anita\Projects\SchoolERP\DEV\POCDummy"
		Debug.AspNetCompiler.TargetPath = "PrecompiledWeb\localhost_62554\"
		Debug.AspNetCompiler.Updateable = "true"
		Debug.AspNetCompiler.ForceOverwrite = "true"
		Debug.AspNetCompiler.FixedNames = "false"
		Debug.AspNetCompiler.Debug = "True"
		Release.AspNetCompiler.VirtualPath = "/localhost_62554"
		Release.AspNetCompiler.PhysicalPath = "D:\Anita\Projects\SchoolERP\DEV\POCDummy"
		Release.AspNetCompiler.TargetPath = "PrecompiledWeb\localhost_62554\"
		Release.AspNetCompiler.Updateable = "true"
		Release.AspNetCompiler.ForceOverwrite = "true"
		Release.AspNetCompiler.FixedNames = "false"
		Release.AspNetCompiler.Debug = "False"
		VWDPort = "62554"
		SlnRelativePath = "D:\Anita\Projects\SchoolERP\DEV\POCDummy"
	EndProjectSection
EndProject
Global
	GlobalSection(SolutionConfigurationPlatforms) = preSolution
		Debug|Any CPU = Debug|Any CPU
	EndGlobalSection
	GlobalSection(ProjectConfigurationPlatforms) = postSolution
		{DAABECD7-648E-47C5-B6F1-C86FCC3C59B5}.Debug|Any CPU.ActiveCfg = Debug|Any CPU
		{DAABECD7-648E-47C5-B6F1-C86FCC3C59B5}.Debug|Any CPU.Build.0 = Debug|Any CPU
	EndGlobalSection
	GlobalSection(SolutionProperties) = preSolution
		HideSolutionNode = FALSE
	EndGlobalSection
	GlobalSection(ExtensibilityGlobals) = postSolution
		SolutionGuid = {3581F891-0421-4A1C-A830-1994B3C21480}
	EndGlobalSection
	GlobalSection(TeamFoundationVersionControl) = preSolution
		SccNumberOfProjects = 2
		SccEnterpriseProvider = {4CA58AB2-18FA-4F8D-95D4-32DDF27D184C}
		SccTeamFoundationServer = https://creatorsinfotek.visualstudio.com/
		SccWebProject0 = true
		SccProjectUniqueName0 = .
		SccLocalPath0 = .
		SccProjectEnlistmentChoice0 = 2
		SccLocalPath1 = .
	EndGlobalSection
EndGlobal
